
Microsoft Visual Studio Solution File, Format Version 12.00
# Visual Studio Version 16
VisualStudioVersion = 16.0.30523.141
MinimumVisualStudioVersion = 10.0.40219.1
Project("{FAE04EC0-301F-11D3-BF4B-00C04F79EFBC}") = "WATest", "WATest\WATest.csproj", "{1904146A-5454-4C70-80FD-8C94C3533E4A}"
EndProject
Global
	GlobalSection(SolutionConfigurationPlatforms) = preSolution
		Debug|Any CPU = Debug|Any CPU
		Release|Any CPU = Release|Any CPU
	EndGlobalSection
	GlobalSection(ProjectConfigurationPlatforms) = postSolution
		{1904146A-5454-4C70-80FD-8C94C3533E4A}.Debug|Any CPU.ActiveCfg = Debug|Any CPU
		{1904146A-5454-4C70-80FD-8C94C3533E4A}.Debug|Any CPU.Build.0 = Debug|Any CPU
		{1904146A-5454-4C70-80FD-8C94C3533E4A}.Release|Any CPU.ActiveCfg = Release|Any CPU
		{1904146A-5454-4C70-80FD-8C94C3533E4A}.Release|Any CPU.Build.0 = Release|Any CPU
	EndGlobalSection
	GlobalSection(SolutionProperties) = preSolution
		HideSolutionNode = FALSE
	EndGlobalSection
	GlobalSection(ExtensibilityGlobals) = postSolution
		SolutionGuid = {4DDBB2EA-9289-40AD-A6F6-E02314868811}
	EndGlobalSection
EndGlobal
